PODS:
  - ReachabilitySwift (1.1)
  - SwiftLoader (0.2.2)

DEPENDENCIES:
  - ReachabilitySwift (from `https://github.com/ashleymills/Reachability.swift`)
  - SwiftLoader

EXTERNAL SOURCES:
  ReachabilitySwift:
    :git: https://github.com/ashleymills/Reachability.swift

CHECKOUT OPTIONS:
  ReachabilitySwift:
    :commit: 7e0180c2761db33bc88eef310ef6d7a79c7ea40e
    :git: https://github.com/ashleymills/Reachability.swift

SPEC CHECKSUMS:
  ReachabilitySwift: 1e53abddb01111deac0d229dabdb8bb043567b18
  SwiftLoader: 9c5e547ae8e00b1c1079139492d6a273c7f73171

COCOAPODS: 0.38.2
